
Microsoft Visual Studio Solution File, Format Version 12.00
# Visual Studio Version 16
VisualStudioVersion = 16.0.31402.337
MinimumVisualStudioVersion = 10.0.40219.1
Project("{FAE04EC0-301F-11D3-BF4B-00C04F79EFBC}") = "BatchHTTPRequests", "BatchHTTPRequests\BatchHTTPRequests.csproj", "{FDF66B7E-E43B-47A4-A7FA-8C305EDF6F53}"
EndProject
Global
	GlobalSection(SolutionConfigurationPlatforms) = preSolution
		Debug|Any CPU = Debug|Any CPU
		Release|Any CPU = Release|Any CPU
	EndGlobalSection
	GlobalSection(ProjectConfigurationPlatforms) = postSolution
		{FDF66B7E-E43B-47A4-A7FA-8C305EDF6F53}.Debug|Any CPU.ActiveCfg = Debug|Any CPU
		{FDF66B7E-E43B-47A4-A7FA-8C305EDF6F53}.Debug|Any CPU.Build.0 = Debug|Any CPU
		{FDF66B7E-E43B-47A4-A7FA-8C305EDF6F53}.Release|Any CPU.ActiveCfg = Release|Any CPU
		{FDF66B7E-E43B-47A4-A7FA-8C305EDF6F53}.Release|Any CPU.Build.0 = Release|Any CPU
	EndGlobalSection
	GlobalSection(SolutionProperties) = preSolution
		HideSolutionNode = FALSE
	EndGlobalSection
	GlobalSection(ExtensibilityGlobals) = postSolution
		SolutionGuid = {86381BF8-8A1C-4273-9A04-2F5455747848}
	EndGlobalSection
EndGlobal
